
Microsoft Visual Studio Solution File, Format Version 12.00
# Visual Studio Version 17
VisualStudioVersion = 17.14.36109.1 d17.14
MinimumVisualStudioVersion = 10.0.40219.1
Project("{FAE04EC0-301F-11D3-BF4B-00C04F79EFBC}") = "KonsollAppFredagGitDemo", "KonsollAppFredagGitDemo\KonsollAppFredagGitDemo.csproj", "{4E50E3E8-9345-4518-A836-2743E5F6F1B6}"
EndProject
Global
	GlobalSection(SolutionConfigurationPlatforms) = preSolution
		Debug|Any CPU = Debug|Any CPU
		Release|Any CPU = Release|Any CPU
	EndGlobalSection
	GlobalSection(ProjectConfigurationPlatforms) = postSolution
		{4E50E3E8-9345-4518-A836-2743E5F6F1B6}.Debug|Any CPU.ActiveCfg = Debug|Any CPU
		{4E50E3E8-9345-4518-A836-2743E5F6F1B6}.Debug|Any CPU.Build.0 = Debug|Any CPU
		{4E50E3E8-9345-4518-A836-2743E5F6F1B6}.Release|Any CPU.ActiveCfg = Release|Any CPU
		{4E50E3E8-9345-4518-A836-2743E5F6F1B6}.Release|Any CPU.Build.0 = Release|Any CPU
	EndGlobalSection
	GlobalSection(SolutionProperties) = preSolution
		HideSolutionNode = FALSE
	EndGlobalSection
	GlobalSection(ExtensibilityGlobals) = postSolution
		SolutionGuid = {861A0914-E19F-4D5F-A74F-CF7FEBF6A557}
	EndGlobalSection
EndGlobal
